
Microsoft Visual Studio Solution File, Format Version 12.00
# Visual Studio 15
VisualStudioVersion = 15.0.27703.2035
MinimumVisualStudioVersion = 10.0.40219.1
Project("{9A19103F-16F7-4668-BE54-9A1E7A4F7556}") = "CQRS_Implementation", "CQRS_Implementation\CQRS_Implementation.csproj", "{D38D29FE-B3A2-462E-91DB-E1720A94D6AA}"
EndProject
Project("{9A19103F-16F7-4668-BE54-9A1E7A4F7556}") = "Service", "Service\Service.csproj", "{84027F68-7041-40FE-9FCA-AB0C72F48FD7}"
EndProject
Project("{FAE04EC0-301F-11D3-BF4B-00C04F79EFBC}") = "Core", "Shared\Core.csproj", "{FD45D389-1694-4BAB-8B52-4B002DAEC582}"
EndProject
Global
	GlobalSection(SolutionConfigurationPlatforms) = preSolution
		Debug|Any CPU = Debug|Any CPU
		Release|Any CPU = Release|Any CPU
	EndGlobalSection
	GlobalSection(ProjectConfigurationPlatforms) = postSolution
		{D38D29FE-B3A2-462E-91DB-E1720A94D6AA}.Debug|Any CPU.ActiveCfg = Debug|Any CPU
		{D38D29FE-B3A2-462E-91DB-E1720A94D6AA}.Debug|Any CPU.Build.0 = Debug|Any CPU
		{D38D29FE-B3A2-462E-91DB-E1720A94D6AA}.Release|Any CPU.ActiveCfg = Release|Any CPU
		{D38D29FE-B3A2-462E-91DB-E1720A94D6AA}.Release|Any CPU.Build.0 = Release|Any CPU
		{84027F68-7041-40FE-9FCA-AB0C72F48FD7}.Debug|Any CPU.ActiveCfg = Debug|Any CPU
		{84027F68-7041-40FE-9FCA-AB0C72F48FD7}.Debug|Any CPU.Build.0 = Debug|Any CPU
		{84027F68-7041-40FE-9FCA-AB0C72F48FD7}.Release|Any CPU.ActiveCfg = Release|Any CPU
		{84027F68-7041-40FE-9FCA-AB0C72F48FD7}.Release|Any CPU.Build.0 = Release|Any CPU
		{FD45D389-1694-4BAB-8B52-4B002DAEC582}.Debug|Any CPU.ActiveCfg = Debug|Any CPU
		{FD45D389-1694-4BAB-8B52-4B002DAEC582}.Debug|Any CPU.Build.0 = Debug|Any CPU
		{FD45D389-1694-4BAB-8B52-4B002DAEC582}.Release|Any CPU.ActiveCfg = Release|Any CPU
		{FD45D389-1694-4BAB-8B52-4B002DAEC582}.Release|Any CPU.Build.0 = Release|Any CPU
	EndGlobalSection
	GlobalSection(SolutionProperties) = preSolution
		HideSolutionNode = FALSE
	EndGlobalSection
	GlobalSection(ExtensibilityGlobals) = postSolution
		SolutionGuid = {C5BE0FD5-E20A-4405-A871-1D1E6F1174A8}
	EndGlobalSection
EndGlobal
